
Microsoft Visual Studio Solution File, Format Version 12.00
# Visual Studio Version 17
VisualStudioVersion = 17.9.34607.119
MinimumVisualStudioVersion = 10.0.40219.1
Project("{FAE04EC0-301F-11D3-BF4B-00C04F79EFBC}") = "NSubstituteMigrator", "NSubstituteMigrator\NSubstituteMigrator.csproj", "{3F6C8E8C-3FA6-4493-88E5-DCA6E7340544}"
EndProject
Global
	GlobalSection(SolutionConfigurationPlatforms) = preSolution
		Debug|Any CPU = Debug|Any CPU
		Release|Any CPU = Release|Any CPU
	EndGlobalSection
	GlobalSection(ProjectConfigurationPlatforms) = postSolution
		{3F6C8E8C-3FA6-4493-88E5-DCA6E7340544}.Debug|Any CPU.ActiveCfg = Debug|Any CPU
		{3F6C8E8C-3FA6-4493-88E5-DCA6E7340544}.Debug|Any CPU.Build.0 = Debug|Any CPU
		{3F6C8E8C-3FA6-4493-88E5-DCA6E7340544}.Release|Any CPU.ActiveCfg = Release|Any CPU
		{3F6C8E8C-3FA6-4493-88E5-DCA6E7340544}.Release|Any CPU.Build.0 = Release|Any CPU
	EndGlobalSection
	GlobalSection(SolutionProperties) = preSolution
		HideSolutionNode = FALSE
	EndGlobalSection
	GlobalSection(ExtensibilityGlobals) = postSolution
		SolutionGuid = {7301921D-91CD-4A7E-AA23-C55AB6B815B8}
	EndGlobalSection
EndGlobal
